
Microsoft Visual Studio Solution File, Format Version 12.00
# Visual Studio 15
Project("{FAE04EC0-301F-11D3-BF4B-00C04F79EFBC}") = "Dinamica - Clase 5", "Dinamica - Clase 5.csproj", "{3F6398BD-FFB1-3445-EAD7-DC64B577A16D}"
EndProject
Project("{FAE04EC0-301F-11D3-BF4B-00C04F79EFBC}") = "Dinamica - Clase 5.Plugins", "Dinamica - Clase 5.Plugins.csproj", "{738E217D-ED99-A036-9A80-41E327C1FB9E}"
EndProject
Project("{FAE04EC0-301F-11D3-BF4B-00C04F79EFBC}") = "Dinamica - Clase 5.Editor", "Dinamica - Clase 5.Editor.csproj", "{447E8439-E71B-0C66-A8A7-1C66A1D39571}"
EndProject
Global
	GlobalSection(SolutionConfigurationPlatforms) = preSolution
		Debug|Any CPU = Debug|Any CPU
		Release|Any CPU = Release|Any CPU
	EndGlobalSection
	GlobalSection(ProjectConfigurationPlatforms) = postSolution
		{3F6398BD-FFB1-3445-EAD7-DC64B577A16D}.Debug|Any CPU.ActiveCfg = Debug|Any CPU
		{3F6398BD-FFB1-3445-EAD7-DC64B577A16D}.Debug|Any CPU.Build.0 = Debug|Any CPU
		{3F6398BD-FFB1-3445-EAD7-DC64B577A16D}.Release|Any CPU.ActiveCfg = Release|Any CPU
		{3F6398BD-FFB1-3445-EAD7-DC64B577A16D}.Release|Any CPU.Build.0 = Release|Any CPU
		{738E217D-ED99-A036-9A80-41E327C1FB9E}.Debug|Any CPU.ActiveCfg = Debug|Any CPU
		{738E217D-ED99-A036-9A80-41E327C1FB9E}.Debug|Any CPU.Build.0 = Debug|Any CPU
		{738E217D-ED99-A036-9A80-41E327C1FB9E}.Release|Any CPU.ActiveCfg = Release|Any CPU
		{738E217D-ED99-A036-9A80-41E327C1FB9E}.Release|Any CPU.Build.0 = Release|Any CPU
		{447E8439-E71B-0C66-A8A7-1C66A1D39571}.Debug|Any CPU.ActiveCfg = Debug|Any CPU
		{447E8439-E71B-0C66-A8A7-1C66A1D39571}.Debug|Any CPU.Build.0 = Debug|Any CPU
		{447E8439-E71B-0C66-A8A7-1C66A1D39571}.Release|Any CPU.ActiveCfg = Release|Any CPU
		{447E8439-E71B-0C66-A8A7-1C66A1D39571}.Release|Any CPU.Build.0 = Release|Any CPU
	EndGlobalSection
	GlobalSection(SolutionProperties) = preSolution
		HideSolutionNode = FALSE
	EndGlobalSection
EndGlobal
